<?xml version="1.0" encoding="UTF-8" standalone="yes" ?>
<CodeBlocks_project_file>
   <FileVersion major="1" minor="6" />
   <Project>
      <Option title="cdn" />
      <Option makefile_is_custom="1" />
      <Option compiler="gcc" />
      <Option virtualFolders="CMake Files\;" />
      <Build>
      <Target title="all">
         <Option working_dir="/home/antelope/Downloads/HUAWEI_Code_Craft_2017_Preliminary_Contest_Question/HUAWEI_Code_Craft_2017_Preliminary_Contest_Question_en_v1.1/SDK-gcc/build-cdn-Desktop_Qt_5_6_2_GCC_64bit-Default" />
         <Option type="4" />
         <MakeCommands>
            <Build command="/usr/bin/make -f &quot;/home/antelope/Downloads/HUAWEI_Code_Craft_2017_Preliminary_Contest_Question/HUAWEI_Code_Craft_2017_Preliminary_Contest_Question_en_v1.1/SDK-gcc/build-cdn-Desktop_Qt_5_6_2_GCC_64bit-Default/Makefile&quot;  VERBOSE=1 all" />
            <CompileFile command="/usr/bin/make -f &quot;/home/antelope/Downloads/HUAWEI_Code_Craft_2017_Preliminary_Contest_Question/HUAWEI_Code_Craft_2017_Preliminary_Contest_Question_en_v1.1/SDK-gcc/build-cdn-Desktop_Qt_5_6_2_GCC_64bit-Default/Makefile&quot;  VERBOSE=1 &quot;$file&quot;" />
            <Clean command="/usr/bin/make -f &quot;/home/antelope/Downloads/HUAWEI_Code_Craft_2017_Preliminary_Contest_Question/HUAWEI_Code_Craft_2017_Preliminary_Contest_Question_en_v1.1/SDK-gcc/build-cdn-Desktop_Qt_5_6_2_GCC_64bit-Default/Makefile&quot;  VERBOSE=1 clean" />
            <DistClean command="/usr/bin/make -f &quot;/home/antelope/Downloads/HUAWEI_Code_Craft_2017_Preliminary_Contest_Question/HUAWEI_Code_Craft_2017_Preliminary_Contest_Question_en_v1.1/SDK-gcc/build-cdn-Desktop_Qt_5_6_2_GCC_64bit-Default/Makefile&quot;  VERBOSE=1 clean" />
         </MakeCommands>
      </Target>
      <Target title="edit_cache">
         <Option working_dir="/home/antelope/Downloads/HUAWEI_Code_Craft_2017_Preliminary_Contest_Question/HUAWEI_Code_Craft_2017_Preliminary_Contest_Question_en_v1.1/SDK-gcc/build-cdn-Desktop_Qt_5_6_2_GCC_64bit-Default" />
         <Option type="4" />
         <MakeCommands>
            <Build command="/usr/bin/make -f &quot;/home/antelope/Downloads/HUAWEI_Code_Craft_2017_Preliminary_Contest_Question/HUAWEI_Code_Craft_2017_Preliminary_Contest_Question_en_v1.1/SDK-gcc/build-cdn-Desktop_Qt_5_6_2_GCC_64bit-Default/Makefile&quot;  VERBOSE=1 edit_cache" />
            <CompileFile command="/usr/bin/make -f &quot;/home/antelope/Downloads/HUAWEI_Code_Craft_2017_Preliminary_Contest_Question/HUAWEI_Code_Craft_2017_Preliminary_Contest_Question_en_v1.1/SDK-gcc/build-cdn-Desktop_Qt_5_6_2_GCC_64bit-Default/Makefile&quot;  VERBOSE=1 &quot;$file&quot;" />
            <Clean command="/usr/bin/make -f &quot;/home/antelope/Downloads/HUAWEI_Code_Craft_2017_Preliminary_Contest_Question/HUAWEI_Code_Craft_2017_Preliminary_Contest_Question_en_v1.1/SDK-gcc/build-cdn-Desktop_Qt_5_6_2_GCC_64bit-Default/Makefile&quot;  VERBOSE=1 clean" />
            <DistClean command="/usr/bin/make -f &quot;/home/antelope/Downloads/HUAWEI_Code_Craft_2017_Preliminary_Contest_Question/HUAWEI_Code_Craft_2017_Preliminary_Contest_Question_en_v1.1/SDK-gcc/build-cdn-Desktop_Qt_5_6_2_GCC_64bit-Default/Makefile&quot;  VERBOSE=1 clean" />
         </MakeCommands>
      </Target>
      <Target title="rebuild_cache">
         <Option working_dir="/home/antelope/Downloads/HUAWEI_Code_Craft_2017_Preliminary_Contest_Question/HUAWEI_Code_Craft_2017_Preliminary_Contest_Question_en_v1.1/SDK-gcc/build-cdn-Desktop_Qt_5_6_2_GCC_64bit-Default" />
         <Option type="4" />
         <MakeCommands>
            <Build command="/usr/bin/make -f &quot;/home/antelope/Downloads/HUAWEI_Code_Craft_2017_Preliminary_Contest_Question/HUAWEI_Code_Craft_2017_Preliminary_Contest_Question_en_v1.1/SDK-gcc/build-cdn-Desktop_Qt_5_6_2_GCC_64bit-Default/Makefile&quot;  VERBOSE=1 rebuild_cache" />
            <CompileFile command="/usr/bin/make -f &quot;/home/antelope/Downloads/HUAWEI_Code_Craft_2017_Preliminary_Contest_Question/HUAWEI_Code_Craft_2017_Preliminary_Contest_Question_en_v1.1/SDK-gcc/build-cdn-Desktop_Qt_5_6_2_GCC_64bit-Default/Makefile&quot;  VERBOSE=1 &quot;$file&quot;" />
            <Clean command="/usr/bin/make -f &quot;/home/antelope/Downloads/HUAWEI_Code_Craft_2017_Preliminary_Contest_Question/HUAWEI_Code_Craft_2017_Preliminary_Contest_Question_en_v1.1/SDK-gcc/build-cdn-Desktop_Qt_5_6_2_GCC_64bit-Default/Makefile&quot;  VERBOSE=1 clean" />
            <DistClean command="/usr/bin/make -f &quot;/home/antelope/Downloads/HUAWEI_Code_Craft_2017_Preliminary_Contest_Question/HUAWEI_Code_Craft_2017_Preliminary_Contest_Question_en_v1.1/SDK-gcc/build-cdn-Desktop_Qt_5_6_2_GCC_64bit-Default/Makefile&quot;  VERBOSE=1 clean" />
         </MakeCommands>
      </Target>
      <Target title="cdn">
         <Option output="/home/antelope/Downloads/HUAWEI_Code_Craft_2017_Preliminary_Contest_Question/HUAWEI_Code_Craft_2017_Preliminary_Contest_Question_en_v1.1/SDK-gcc/bin/cdn" prefix_auto="0" extension_auto="0" />
         <Option working_dir="/home/antelope/Downloads/HUAWEI_Code_Craft_2017_Preliminary_Contest_Question/HUAWEI_Code_Craft_2017_Preliminary_Contest_Question_en_v1.1/SDK-gcc/build-cdn-Desktop_Qt_5_6_2_GCC_64bit-Default/../bin" />
         <Option object_output="./" />
         <Option type="1" />
         <Option compiler="gcc" />
         <Compiler>
            <Add directory="/home/antelope/Downloads/HUAWEI_Code_Craft_2017_Preliminary_Contest_Question/HUAWEI_Code_Craft_2017_Preliminary_Contest_Question_en_v1.1/SDK-gcc/cdn/lib" />
            <Add directory="/usr/include" />
            <Add directory="/usr/include/c++/5" />
            <Add directory="/usr/include/c++/5/backward" />
            <Add directory="/usr/include/x86_64-linux-gnu" />
            <Add directory="/usr/include/x86_64-linux-gnu/c++/5" />
            <Add directory="/usr/lib/gcc/x86_64-linux-gnu/5/include" />
            <Add directory="/usr/lib/gcc/x86_64-linux-gnu/5/include-fixed" />
            <Add directory="/usr/local/include" />
         </Compiler>
         <MakeCommands>
            <Build command="/usr/bin/make -f &quot;/home/antelope/Downloads/HUAWEI_Code_Craft_2017_Preliminary_Contest_Question/HUAWEI_Code_Craft_2017_Preliminary_Contest_Question_en_v1.1/SDK-gcc/build-cdn-Desktop_Qt_5_6_2_GCC_64bit-Default/Makefile&quot;  VERBOSE=1 cdn" />
            <CompileFile command="/usr/bin/make -f &quot;/home/antelope/Downloads/HUAWEI_Code_Craft_2017_Preliminary_Contest_Question/HUAWEI_Code_Craft_2017_Preliminary_Contest_Question_en_v1.1/SDK-gcc/build-cdn-Desktop_Qt_5_6_2_GCC_64bit-Default/Makefile&quot;  VERBOSE=1 &quot;$file&quot;" />
            <Clean command="/usr/bin/make -f &quot;/home/antelope/Downloads/HUAWEI_Code_Craft_2017_Preliminary_Contest_Question/HUAWEI_Code_Craft_2017_Preliminary_Contest_Question_en_v1.1/SDK-gcc/build-cdn-Desktop_Qt_5_6_2_GCC_64bit-Default/Makefile&quot;  VERBOSE=1 clean" />
            <DistClean command="/usr/bin/make -f &quot;/home/antelope/Downloads/HUAWEI_Code_Craft_2017_Preliminary_Contest_Question/HUAWEI_Code_Craft_2017_Preliminary_Contest_Question_en_v1.1/SDK-gcc/build-cdn-Desktop_Qt_5_6_2_GCC_64bit-Default/Makefile&quot;  VERBOSE=1 clean" />
         </MakeCommands>
      </Target>
      <Target title="cdn/fast">
         <Option output="/home/antelope/Downloads/HUAWEI_Code_Craft_2017_Preliminary_Contest_Question/HUAWEI_Code_Craft_2017_Preliminary_Contest_Question_en_v1.1/SDK-gcc/bin/cdn" prefix_auto="0" extension_auto="0" />
         <Option working_dir="/home/antelope/Downloads/HUAWEI_Code_Craft_2017_Preliminary_Contest_Question/HUAWEI_Code_Craft_2017_Preliminary_Contest_Question_en_v1.1/SDK-gcc/build-cdn-Desktop_Qt_5_6_2_GCC_64bit-Default/../bin" />
         <Option object_output="./" />
         <Option type="1" />
         <Option compiler="gcc" />
         <Compiler>
            <Add directory="/home/antelope/Downloads/HUAWEI_Code_Craft_2017_Preliminary_Contest_Question/HUAWEI_Code_Craft_2017_Preliminary_Contest_Question_en_v1.1/SDK-gcc/cdn/lib" />
            <Add directory="/usr/include" />
            <Add directory="/usr/include/c++/5" />
            <Add directory="/usr/include/c++/5/backward" />
            <Add directory="/usr/include/x86_64-linux-gnu" />
            <Add directory="/usr/include/x86_64-linux-gnu/c++/5" />
            <Add directory="/usr/lib/gcc/x86_64-linux-gnu/5/include" />
            <Add directory="/usr/lib/gcc/x86_64-linux-gnu/5/include-fixed" />
            <Add directory="/usr/local/include" />
         </Compiler>
         <MakeCommands>
            <Build command="/usr/bin/make -f &quot;/home/antelope/Downloads/HUAWEI_Code_Craft_2017_Preliminary_Contest_Question/HUAWEI_Code_Craft_2017_Preliminary_Contest_Question_en_v1.1/SDK-gcc/build-cdn-Desktop_Qt_5_6_2_GCC_64bit-Default/Makefile&quot;  VERBOSE=1 cdn/fast" />
            <CompileFile command="/usr/bin/make -f &quot;/home/antelope/Downloads/HUAWEI_Code_Craft_2017_Preliminary_Contest_Question/HUAWEI_Code_Craft_2017_Preliminary_Contest_Question_en_v1.1/SDK-gcc/build-cdn-Desktop_Qt_5_6_2_GCC_64bit-Default/Makefile&quot;  VERBOSE=1 &quot;$file&quot;" />
            <Clean command="/usr/bin/make -f &quot;/home/antelope/Downloads/HUAWEI_Code_Craft_2017_Preliminary_Contest_Question/HUAWEI_Code_Craft_2017_Preliminary_Contest_Question_en_v1.1/SDK-gcc/build-cdn-Desktop_Qt_5_6_2_GCC_64bit-Default/Makefile&quot;  VERBOSE=1 clean" />
            <DistClean command="/usr/bin/make -f &quot;/home/antelope/Downloads/HUAWEI_Code_Craft_2017_Preliminary_Contest_Question/HUAWEI_Code_Craft_2017_Preliminary_Contest_Question_en_v1.1/SDK-gcc/build-cdn-Desktop_Qt_5_6_2_GCC_64bit-Default/Makefile&quot;  VERBOSE=1 clean" />
         </MakeCommands>
      </Target>
      </Build>
      <Unit filename="/home/antelope/Downloads/HUAWEI_Code_Craft_2017_Preliminary_Contest_Question/HUAWEI_Code_Craft_2017_Preliminary_Contest_Question_en_v1.1/SDK-gcc/cdn/cdn.cpp">
         <Option target="cdn"/>
      </Unit>
      <Unit filename="/home/antelope/Downloads/HUAWEI_Code_Craft_2017_Preliminary_Contest_Question/HUAWEI_Code_Craft_2017_Preliminary_Contest_Question_en_v1.1/SDK-gcc/cdn/cluster.cpp">
         <Option target="cdn"/>
      </Unit>
      <Unit filename="/home/antelope/Downloads/HUAWEI_Code_Craft_2017_Preliminary_Contest_Question/HUAWEI_Code_Craft_2017_Preliminary_Contest_Question_en_v1.1/SDK-gcc/cdn/deploy.cpp">
         <Option target="cdn"/>
      </Unit>
      <Unit filename="/home/antelope/Downloads/HUAWEI_Code_Craft_2017_Preliminary_Contest_Question/HUAWEI_Code_Craft_2017_Preliminary_Contest_Question_en_v1.1/SDK-gcc/cdn/deploy.h">
         <Option target="cdn"/>
      </Unit>
      <Unit filename="/home/antelope/Downloads/HUAWEI_Code_Craft_2017_Preliminary_Contest_Question/HUAWEI_Code_Craft_2017_Preliminary_Contest_Question_en_v1.1/SDK-gcc/cdn/io.cpp">
         <Option target="cdn"/>
      </Unit>
      <Unit filename="/home/antelope/Downloads/HUAWEI_Code_Craft_2017_Preliminary_Contest_Question/HUAWEI_Code_Craft_2017_Preliminary_Contest_Question_en_v1.1/SDK-gcc/cdn/CMakeLists.txt">
          <Option virtualFolder="CMake Files\" />
      </Unit>
   </Project>
</CodeBlocks_project_file>
